
Microsoft Visual Studio Solution File, Format Version 12.00
# Visual Studio Version 17
VisualStudioVersion = 17.12.35527.113 d17.12
MinimumVisualStudioVersion = 10.0.40219.1
Project("{FAE04EC0-301F-11D3-BF4B-00C04F79EFBC}") = "Proj_Demo", "Proj_Demo\Proj_Demo.csproj", "{779D7928-30ED-4B37-A4F5-188AD0B44CDF}"
EndProject
Global
	GlobalSection(SolutionConfigurationPlatforms) = preSolution
		Debug|Any CPU = Debug|Any CPU
		Release|Any CPU = Release|Any CPU
	EndGlobalSection
	GlobalSection(ProjectConfigurationPlatforms) = postSolution
		{779D7928-30ED-4B37-A4F5-188AD0B44CDF}.Debug|Any CPU.ActiveCfg = Debug|Any CPU
		{779D7928-30ED-4B37-A4F5-188AD0B44CDF}.Debug|Any CPU.Build.0 = Debug|Any CPU
		{779D7928-30ED-4B37-A4F5-188AD0B44CDF}.Release|Any CPU.ActiveCfg = Release|Any CPU
		{779D7928-30ED-4B37-A4F5-188AD0B44CDF}.Release|Any CPU.Build.0 = Release|Any CPU
	EndGlobalSection
	GlobalSection(SolutionProperties) = preSolution
		HideSolutionNode = FALSE
	EndGlobalSection
EndGlobal
